
Microsoft Visual Studio Solution File, Format Version 12.00
# Visual Studio Version 17
VisualStudioVersion = 17.2.32526.322
MinimumVisualStudioVersion = 10.0.40219.1
Project("{2150E333-8FDC-42A3-9474-1A3956D46DE8}") = "Division A", "Division A", "{CE997617-DE21-4B3F-8805-E5E22D4E6404}"
EndProject
Project("{2150E333-8FDC-42A3-9474-1A3956D46DE8}") = "Division B", "Division B", "{91A0A33F-A321-450A-872A-1F1DF6943DDB}"
EndProject
Project("{2150E333-8FDC-42A3-9474-1A3956D46DE8}") = "1 A", "1 A", "{AFFFA093-FAA5-4875-A3F2-E8C2F0E8DE52}"
EndProject
Project("{2150E333-8FDC-42A3-9474-1A3956D46DE8}") = "1 B", "1 B", "{B1825F5F-6962-4395-972D-8E70D011D72A}"
EndProject
Project("{2150E333-8FDC-42A3-9474-1A3956D46DE8}") = "2 B", "2 B", "{63C32372-F862-45D3-B588-6A0D6147A321}"
EndProject
Project("{2150E333-8FDC-42A3-9474-1A3956D46DE8}") = "3 B", "3 B", "{9BA0EB4D-0BC4-4FD4-A88C-8E450FCDA4A0}"
EndProject
Project("{2150E333-8FDC-42A3-9474-1A3956D46DE8}") = "4 B", "4 B", "{E0F4B765-E829-4B4E-AB27-A6139891D907}"
EndProject
Project("{2150E333-8FDC-42A3-9474-1A3956D46DE8}") = "5 B", "5 B", "{4B496E39-26D4-4C92-8E8F-D6278387DC94}"
EndProject
Project("{8BC9CEB8-8B4A-11D0-8D11-00A0C91BC942}") = "A. Сложное уравнение", "A. Сложное уравнение\A. Сложное уравнение.vcxproj", "{A6D13E40-4D14-4776-83DD-D4E78DB2FAC5}"
EndProject
Project("{8BC9CEB8-8B4A-11D0-8D11-00A0C91BC942}") = "A. Interactor", "A. Interactor\A. Interactor.vcxproj", "{2BC564B0-CD92-4A26-9D90-6DA2EDE85ACD}"
EndProject
Project("{8BC9CEB8-8B4A-11D0-8D11-00A0C91BC942}") = "B. Кольцевая линия метро", "B. Кольцевая линия метро\B. Кольцевая линия метро.vcxproj", "{DB650C4A-73C2-486B-A5FA-AEC825B5D8E3}"
EndProject
Project("{8BC9CEB8-8B4A-11D0-8D11-00A0C91BC942}") = "C. Даты", "C. Даты\C. Даты.vcxproj", "{06E63E75-9F59-47D4-83AF-9A3141E685AE}"
EndProject
Project("{8BC9CEB8-8B4A-11D0-8D11-00A0C91BC942}") = "D. Строительство школы", "D. Строительство школы\D. Строительство школы.vcxproj", "{793B0166-7A64-4A49-BC15-85F160234CBC}"
EndProject
Project("{8BC9CEB8-8B4A-11D0-8D11-00A0C91BC942}") = "E. Точка и треугольник", "E. Точка и треугольник\E. Точка и треугольник.vcxproj", "{988F9C96-D209-4F01-B275-832FACC48A41}"
EndProject
Global
	GlobalSection(SolutionConfigurationPlatforms) = preSolution
		Debug|x64 = Debug|x64
		Debug|x86 = Debug|x86
		Release|x64 = Release|x64
		Release|x86 = Release|x86
	EndGlobalSection
	GlobalSection(ProjectConfigurationPlatforms) = postSolution
		{A6D13E40-4D14-4776-83DD-D4E78DB2FAC5}.Debug|x64.ActiveCfg = Debug|x64
		{A6D13E40-4D14-4776-83DD-D4E78DB2FAC5}.Debug|x64.Build.0 = Debug|x64
		{A6D13E40-4D14-4776-83DD-D4E78DB2FAC5}.Debug|x86.ActiveCfg = Debug|Win32
		{A6D13E40-4D14-4776-83DD-D4E78DB2FAC5}.Debug|x86.Build.0 = Debug|Win32
		{A6D13E40-4D14-4776-83DD-D4E78DB2FAC5}.Release|x64.ActiveCfg = Release|x64
		{A6D13E40-4D14-4776-83DD-D4E78DB2FAC5}.Release|x64.Build.0 = Release|x64
		{A6D13E40-4D14-4776-83DD-D4E78DB2FAC5}.Release|x86.ActiveCfg = Release|Win32
		{A6D13E40-4D14-4776-83DD-D4E78DB2FAC5}.Release|x86.Build.0 = Release|Win32
		{2BC564B0-CD92-4A26-9D90-6DA2EDE85ACD}.Debug|x64.ActiveCfg = Debug|x64
		{2BC564B0-CD92-4A26-9D90-6DA2EDE85ACD}.Debug|x64.Build.0 = Debug|x64
		{2BC564B0-CD92-4A26-9D90-6DA2EDE85ACD}.Debug|x86.ActiveCfg = Debug|Win32
		{2BC564B0-CD92-4A26-9D90-6DA2EDE85ACD}.Debug|x86.Build.0 = Debug|Win32
		{2BC564B0-CD92-4A26-9D90-6DA2EDE85ACD}.Release|x64.ActiveCfg = Release|x64
		{2BC564B0-CD92-4A26-9D90-6DA2EDE85ACD}.Release|x64.Build.0 = Release|x64
		{2BC564B0-CD92-4A26-9D90-6DA2EDE85ACD}.Release|x86.ActiveCfg = Release|Win32
		{2BC564B0-CD92-4A26-9D90-6DA2EDE85ACD}.Release|x86.Build.0 = Release|Win32
		{DB650C4A-73C2-486B-A5FA-AEC825B5D8E3}.Debug|x64.ActiveCfg = Debug|x64
		{DB650C4A-73C2-486B-A5FA-AEC825B5D8E3}.Debug|x64.Build.0 = Debug|x64
		{DB650C4A-73C2-486B-A5FA-AEC825B5D8E3}.Debug|x86.ActiveCfg = Debug|Win32
		{DB650C4A-73C2-486B-A5FA-AEC825B5D8E3}.Debug|x86.Build.0 = Debug|Win32
		{DB650C4A-73C2-486B-A5FA-AEC825B5D8E3}.Release|x64.ActiveCfg = Release|x64
		{DB650C4A-73C2-486B-A5FA-AEC825B5D8E3}.Release|x64.Build.0 = Release|x64
		{DB650C4A-73C2-486B-A5FA-AEC825B5D8E3}.Release|x86.ActiveCfg = Release|Win32
		{DB650C4A-73C2-486B-A5FA-AEC825B5D8E3}.Release|x86.Build.0 = Release|Win32
		{06E63E75-9F59-47D4-83AF-9A3141E685AE}.Debug|x64.ActiveCfg = Debug|x64
		{06E63E75-9F59-47D4-83AF-9A3141E685AE}.Debug|x64.Build.0 = Debug|x64
		{06E63E75-9F59-47D4-83AF-9A3141E685AE}.Debug|x86.ActiveCfg = Debug|Win32
		{06E63E75-9F59-47D4-83AF-9A3141E685AE}.Debug|x86.Build.0 = Debug|Win32
		{06E63E75-9F59-47D4-83AF-9A3141E685AE}.Release|x64.ActiveCfg = Release|x64
		{06E63E75-9F59-47D4-83AF-9A3141E685AE}.Release|x64.Build.0 = Release|x64
		{06E63E75-9F59-47D4-83AF-9A3141E685AE}.Release|x86.ActiveCfg = Release|Win32
		{06E63E75-9F59-47D4-83AF-9A3141E685AE}.Release|x86.Build.0 = Release|Win32
		{793B0166-7A64-4A49-BC15-85F160234CBC}.Debug|x64.ActiveCfg = Debug|x64
		{793B0166-7A64-4A49-BC15-85F160234CBC}.Debug|x64.Build.0 = Debug|x64
		{793B0166-7A64-4A49-BC15-85F160234CBC}.Debug|x86.ActiveCfg = Debug|Win32
		{793B0166-7A64-4A49-BC15-85F160234CBC}.Debug|x86.Build.0 = Debug|Win32
		{793B0166-7A64-4A49-BC15-85F160234CBC}.Release|x64.ActiveCfg = Release|x64
		{793B0166-7A64-4A49-BC15-85F160234CBC}.Release|x64.Build.0 = Release|x64
		{793B0166-7A64-4A49-BC15-85F160234CBC}.Release|x86.ActiveCfg = Release|Win32
		{793B0166-7A64-4A49-BC15-85F160234CBC}.Release|x86.Build.0 = Release|Win32
		{988F9C96-D209-4F01-B275-832FACC48A41}.Debug|x64.ActiveCfg = Debug|x64
		{988F9C96-D209-4F01-B275-832FACC48A41}.Debug|x64.Build.0 = Debug|x64
		{988F9C96-D209-4F01-B275-832FACC48A41}.Debug|x86.ActiveCfg = Debug|Win32
		{988F9C96-D209-4F01-B275-832FACC48A41}.Debug|x86.Build.0 = Debug|Win32
		{988F9C96-D209-4F01-B275-832FACC48A41}.Release|x64.ActiveCfg = Release|x64
		{988F9C96-D209-4F01-B275-832FACC48A41}.Release|x64.Build.0 = Release|x64
		{988F9C96-D209-4F01-B275-832FACC48A41}.Release|x86.ActiveCfg = Release|Win32
		{988F9C96-D209-4F01-B275-832FACC48A41}.Release|x86.Build.0 = Release|Win32
	EndGlobalSection
	GlobalSection(SolutionProperties) = preSolution
		HideSolutionNode = FALSE
	EndGlobalSection
	GlobalSection(NestedProjects) = preSolution
		{AFFFA093-FAA5-4875-A3F2-E8C2F0E8DE52} = {CE997617-DE21-4B3F-8805-E5E22D4E6404}
		{B1825F5F-6962-4395-972D-8E70D011D72A} = {91A0A33F-A321-450A-872A-1F1DF6943DDB}
		{63C32372-F862-45D3-B588-6A0D6147A321} = {91A0A33F-A321-450A-872A-1F1DF6943DDB}
		{9BA0EB4D-0BC4-4FD4-A88C-8E450FCDA4A0} = {91A0A33F-A321-450A-872A-1F1DF6943DDB}
		{E0F4B765-E829-4B4E-AB27-A6139891D907} = {91A0A33F-A321-450A-872A-1F1DF6943DDB}
		{4B496E39-26D4-4C92-8E8F-D6278387DC94} = {91A0A33F-A321-450A-872A-1F1DF6943DDB}
		{A6D13E40-4D14-4776-83DD-D4E78DB2FAC5} = {AFFFA093-FAA5-4875-A3F2-E8C2F0E8DE52}
		{2BC564B0-CD92-4A26-9D90-6DA2EDE85ACD} = {B1825F5F-6962-4395-972D-8E70D011D72A}
		{DB650C4A-73C2-486B-A5FA-AEC825B5D8E3} = {B1825F5F-6962-4395-972D-8E70D011D72A}
		{06E63E75-9F59-47D4-83AF-9A3141E685AE} = {B1825F5F-6962-4395-972D-8E70D011D72A}
		{793B0166-7A64-4A49-BC15-85F160234CBC} = {B1825F5F-6962-4395-972D-8E70D011D72A}
		{988F9C96-D209-4F01-B275-832FACC48A41} = {B1825F5F-6962-4395-972D-8E70D011D72A}
	EndGlobalSection
	GlobalSection(ExtensibilityGlobals) = postSolution
		SolutionGuid = {7C5DE469-57FB-4753-8D49-286130DAAE66}
	EndGlobalSection
EndGlobal
