
Microsoft Visual Studio Solution File, Format Version 12.00
# Visual Studio Version 17
VisualStudioVersion = 17.2.32526.322
MinimumVisualStudioVersion = 10.0.40219.1
Project("{2150E333-8FDC-42A3-9474-1A3956D46DE8}") = "Division A", "Division A", "{CE997617-DE21-4B3F-8805-E5E22D4E6404}"
EndProject
Project("{2150E333-8FDC-42A3-9474-1A3956D46DE8}") = "Division B", "Division B", "{91A0A33F-A321-450A-872A-1F1DF6943DDB}"
EndProject
Project("{2150E333-8FDC-42A3-9474-1A3956D46DE8}") = "1 A", "1 A", "{AFFFA093-FAA5-4875-A3F2-E8C2F0E8DE52}"
EndProject
Project("{2150E333-8FDC-42A3-9474-1A3956D46DE8}") = "1 B", "1 B", "{B1825F5F-6962-4395-972D-8E70D011D72A}"
EndProject
Project("{2150E333-8FDC-42A3-9474-1A3956D46DE8}") = "2 B", "2 B", "{63C32372-F862-45D3-B588-6A0D6147A321}"
EndProject
Project("{2150E333-8FDC-42A3-9474-1A3956D46DE8}") = "3 B", "3 B", "{9BA0EB4D-0BC4-4FD4-A88C-8E450FCDA4A0}"
EndProject
Project("{2150E333-8FDC-42A3-9474-1A3956D46DE8}") = "4 B", "4 B", "{E0F4B765-E829-4B4E-AB27-A6139891D907}"
EndProject
Project("{2150E333-8FDC-42A3-9474-1A3956D46DE8}") = "5 B", "5 B", "{4B496E39-26D4-4C92-8E8F-D6278387DC94}"
EndProject
Project("{8BC9CEB8-8B4A-11D0-8D11-00A0C91BC942}") = "B-1-A. Interactor", "B-1-A. Interactor\B-1-A. Interactor.vcxproj", "{3A0F4735-E11B-4432-A411-F827C19CB39D}"
EndProject
Project("{8BC9CEB8-8B4A-11D0-8D11-00A0C91BC942}") = "B-1-B. Кольцевая линия метро", "B-1-B. Кольцевая линия метро\B-1-B. Кольцевая линия метро.vcxproj", "{4011AC8E-7F7C-4053-91E6-05DF99CB48CB}"
EndProject
Project("{8BC9CEB8-8B4A-11D0-8D11-00A0C91BC942}") = "B-1-C. Даты", "B-1-C. Даты\B-1-C. Даты.vcxproj", "{A20E3622-901D-415F-9314-7AEB0C11FB4C}"
EndProject
Project("{8BC9CEB8-8B4A-11D0-8D11-00A0C91BC942}") = "B-1-D. Строительство школы", "B-1-D. Строительство школы\B-1-D. Строительство школы.vcxproj", "{A9700319-D5F2-4536-8C4A-3CF506C2BF28}"
EndProject
Project("{8BC9CEB8-8B4A-11D0-8D11-00A0C91BC942}") = "B-1-E. Точка и треугольник", "B-1-E. Точка и треугольник\B-1-E. Точка и треугольник.vcxproj", "{86728137-DD1B-4FD7-B07B-73F219579E99}"
EndProject
Project("{8BC9CEB8-8B4A-11D0-8D11-00A0C91BC942}") = "A-1-B. Параллелограмм", "A-1-B. Параллелограмм\A-1-B. Параллелограмм.vcxproj", "{9F2AB4D9-CB1B-4A91-9397-A28FCBDC3E69}"
EndProject
Project("{8BC9CEB8-8B4A-11D0-8D11-00A0C91BC942}") = "A-1-A. Сложное уравнение", "A-1-A. Сложное уравнение\A-1-A. Сложное уравнение.vcxproj", "{F76D30D3-9EDB-4AC4-A996-3D9BE171F96B}"
EndProject
Project("{8BC9CEB8-8B4A-11D0-8D11-00A0C91BC942}") = "B-2-A. Количество равных максимальному", "B-2-A. Количество равных максимальному\B-2-A. Количество равных максимальному.vcxproj", "{B68E6226-4A6A-49AE-9B16-D69A8B47ACD0}"
EndProject
Project("{8BC9CEB8-8B4A-11D0-8D11-00A0C91BC942}") = "B-2-B. Дома и магазины", "B-2-B. Дома и магазины\B-2-B. Дома и магазины.vcxproj", "{F1BA2BA1-5831-4F0A-976F-71DD6102B4DB}"
EndProject
Project("{8BC9CEB8-8B4A-11D0-8D11-00A0C91BC942}") = "B-2-C. Изготовление палиндромов", "B-2-C. Изготовление палиндромов\B-2-C. Изготовление палиндромов.vcxproj", "{1EBFBAEA-39EA-4A9F-ACBD-2C744BECB13B}"
EndProject
Project("{8BC9CEB8-8B4A-11D0-8D11-00A0C91BC942}") = "B-2-D. Лавочки в атриуме", "B-2-D. Лавочки в атриуме\B-2-D. Лавочки в атриуме.vcxproj", "{641750DB-92E1-4172-BD83-2BC313DBBD30}"
EndProject
Project("{8BC9CEB8-8B4A-11D0-8D11-00A0C91BC942}") = "B-2-E. Дипломы в папках", "B-2-E. Дипломы в папках\B-2-E. Дипломы в папках.vcxproj", "{7389B702-8202-40B3-9606-0F48EE847820}"
EndProject
Global
	GlobalSection(SolutionConfigurationPlatforms) = preSolution
		Debug|x64 = Debug|x64
		Debug|x86 = Debug|x86
		Release|x64 = Release|x64
		Release|x86 = Release|x86
	EndGlobalSection
	GlobalSection(ProjectConfigurationPlatforms) = postSolution
		{3A0F4735-E11B-4432-A411-F827C19CB39D}.Debug|x64.ActiveCfg = Debug|x64
		{3A0F4735-E11B-4432-A411-F827C19CB39D}.Debug|x64.Build.0 = Debug|x64
		{3A0F4735-E11B-4432-A411-F827C19CB39D}.Debug|x86.ActiveCfg = Debug|Win32
		{3A0F4735-E11B-4432-A411-F827C19CB39D}.Debug|x86.Build.0 = Debug|Win32
		{3A0F4735-E11B-4432-A411-F827C19CB39D}.Release|x64.ActiveCfg = Release|x64
		{3A0F4735-E11B-4432-A411-F827C19CB39D}.Release|x64.Build.0 = Release|x64
		{3A0F4735-E11B-4432-A411-F827C19CB39D}.Release|x86.ActiveCfg = Release|Win32
		{3A0F4735-E11B-4432-A411-F827C19CB39D}.Release|x86.Build.0 = Release|Win32
		{4011AC8E-7F7C-4053-91E6-05DF99CB48CB}.Debug|x64.ActiveCfg = Debug|x64
		{4011AC8E-7F7C-4053-91E6-05DF99CB48CB}.Debug|x64.Build.0 = Debug|x64
		{4011AC8E-7F7C-4053-91E6-05DF99CB48CB}.Debug|x86.ActiveCfg = Debug|Win32
		{4011AC8E-7F7C-4053-91E6-05DF99CB48CB}.Debug|x86.Build.0 = Debug|Win32
		{4011AC8E-7F7C-4053-91E6-05DF99CB48CB}.Release|x64.ActiveCfg = Release|x64
		{4011AC8E-7F7C-4053-91E6-05DF99CB48CB}.Release|x64.Build.0 = Release|x64
		{4011AC8E-7F7C-4053-91E6-05DF99CB48CB}.Release|x86.ActiveCfg = Release|Win32
		{4011AC8E-7F7C-4053-91E6-05DF99CB48CB}.Release|x86.Build.0 = Release|Win32
		{A20E3622-901D-415F-9314-7AEB0C11FB4C}.Debug|x64.ActiveCfg = Debug|x64
		{A20E3622-901D-415F-9314-7AEB0C11FB4C}.Debug|x64.Build.0 = Debug|x64
		{A20E3622-901D-415F-9314-7AEB0C11FB4C}.Debug|x86.ActiveCfg = Debug|Win32
		{A20E3622-901D-415F-9314-7AEB0C11FB4C}.Debug|x86.Build.0 = Debug|Win32
		{A20E3622-901D-415F-9314-7AEB0C11FB4C}.Release|x64.ActiveCfg = Release|x64
		{A20E3622-901D-415F-9314-7AEB0C11FB4C}.Release|x64.Build.0 = Release|x64
		{A20E3622-901D-415F-9314-7AEB0C11FB4C}.Release|x86.ActiveCfg = Release|Win32
		{A20E3622-901D-415F-9314-7AEB0C11FB4C}.Release|x86.Build.0 = Release|Win32
		{A9700319-D5F2-4536-8C4A-3CF506C2BF28}.Debug|x64.ActiveCfg = Debug|x64
		{A9700319-D5F2-4536-8C4A-3CF506C2BF28}.Debug|x64.Build.0 = Debug|x64
		{A9700319-D5F2-4536-8C4A-3CF506C2BF28}.Debug|x86.ActiveCfg = Debug|Win32
		{A9700319-D5F2-4536-8C4A-3CF506C2BF28}.Debug|x86.Build.0 = Debug|Win32
		{A9700319-D5F2-4536-8C4A-3CF506C2BF28}.Release|x64.ActiveCfg = Release|x64
		{A9700319-D5F2-4536-8C4A-3CF506C2BF28}.Release|x64.Build.0 = Release|x64
		{A9700319-D5F2-4536-8C4A-3CF506C2BF28}.Release|x86.ActiveCfg = Release|Win32
		{A9700319-D5F2-4536-8C4A-3CF506C2BF28}.Release|x86.Build.0 = Release|Win32
		{86728137-DD1B-4FD7-B07B-73F219579E99}.Debug|x64.ActiveCfg = Debug|x64
		{86728137-DD1B-4FD7-B07B-73F219579E99}.Debug|x64.Build.0 = Debug|x64
		{86728137-DD1B-4FD7-B07B-73F219579E99}.Debug|x86.ActiveCfg = Debug|Win32
		{86728137-DD1B-4FD7-B07B-73F219579E99}.Debug|x86.Build.0 = Debug|Win32
		{86728137-DD1B-4FD7-B07B-73F219579E99}.Release|x64.ActiveCfg = Release|x64
		{86728137-DD1B-4FD7-B07B-73F219579E99}.Release|x64.Build.0 = Release|x64
		{86728137-DD1B-4FD7-B07B-73F219579E99}.Release|x86.ActiveCfg = Release|Win32
		{86728137-DD1B-4FD7-B07B-73F219579E99}.Release|x86.Build.0 = Release|Win32
		{9F2AB4D9-CB1B-4A91-9397-A28FCBDC3E69}.Debug|x64.ActiveCfg = Debug|x64
		{9F2AB4D9-CB1B-4A91-9397-A28FCBDC3E69}.Debug|x64.Build.0 = Debug|x64
		{9F2AB4D9-CB1B-4A91-9397-A28FCBDC3E69}.Debug|x86.ActiveCfg = Debug|Win32
		{9F2AB4D9-CB1B-4A91-9397-A28FCBDC3E69}.Debug|x86.Build.0 = Debug|Win32
		{9F2AB4D9-CB1B-4A91-9397-A28FCBDC3E69}.Release|x64.ActiveCfg = Release|x64
		{9F2AB4D9-CB1B-4A91-9397-A28FCBDC3E69}.Release|x64.Build.0 = Release|x64
		{9F2AB4D9-CB1B-4A91-9397-A28FCBDC3E69}.Release|x86.ActiveCfg = Release|Win32
		{9F2AB4D9-CB1B-4A91-9397-A28FCBDC3E69}.Release|x86.Build.0 = Release|Win32
		{F76D30D3-9EDB-4AC4-A996-3D9BE171F96B}.Debug|x64.ActiveCfg = Debug|x64
		{F76D30D3-9EDB-4AC4-A996-3D9BE171F96B}.Debug|x64.Build.0 = Debug|x64
		{F76D30D3-9EDB-4AC4-A996-3D9BE171F96B}.Debug|x86.ActiveCfg = Debug|Win32
		{F76D30D3-9EDB-4AC4-A996-3D9BE171F96B}.Debug|x86.Build.0 = Debug|Win32
		{F76D30D3-9EDB-4AC4-A996-3D9BE171F96B}.Release|x64.ActiveCfg = Release|x64
		{F76D30D3-9EDB-4AC4-A996-3D9BE171F96B}.Release|x64.Build.0 = Release|x64
		{F76D30D3-9EDB-4AC4-A996-3D9BE171F96B}.Release|x86.ActiveCfg = Release|Win32
		{F76D30D3-9EDB-4AC4-A996-3D9BE171F96B}.Release|x86.Build.0 = Release|Win32
		{B68E6226-4A6A-49AE-9B16-D69A8B47ACD0}.Debug|x64.ActiveCfg = Debug|x64
		{B68E6226-4A6A-49AE-9B16-D69A8B47ACD0}.Debug|x64.Build.0 = Debug|x64
		{B68E6226-4A6A-49AE-9B16-D69A8B47ACD0}.Debug|x86.ActiveCfg = Debug|Win32
		{B68E6226-4A6A-49AE-9B16-D69A8B47ACD0}.Debug|x86.Build.0 = Debug|Win32
		{B68E6226-4A6A-49AE-9B16-D69A8B47ACD0}.Release|x64.ActiveCfg = Release|x64
		{B68E6226-4A6A-49AE-9B16-D69A8B47ACD0}.Release|x64.Build.0 = Release|x64
		{B68E6226-4A6A-49AE-9B16-D69A8B47ACD0}.Release|x86.ActiveCfg = Release|Win32
		{B68E6226-4A6A-49AE-9B16-D69A8B47ACD0}.Release|x86.Build.0 = Release|Win32
		{F1BA2BA1-5831-4F0A-976F-71DD6102B4DB}.Debug|x64.ActiveCfg = Debug|x64
		{F1BA2BA1-5831-4F0A-976F-71DD6102B4DB}.Debug|x64.Build.0 = Debug|x64
		{F1BA2BA1-5831-4F0A-976F-71DD6102B4DB}.Debug|x86.ActiveCfg = Debug|Win32
		{F1BA2BA1-5831-4F0A-976F-71DD6102B4DB}.Debug|x86.Build.0 = Debug|Win32
		{F1BA2BA1-5831-4F0A-976F-71DD6102B4DB}.Release|x64.ActiveCfg = Release|x64
		{F1BA2BA1-5831-4F0A-976F-71DD6102B4DB}.Release|x64.Build.0 = Release|x64
		{F1BA2BA1-5831-4F0A-976F-71DD6102B4DB}.Release|x86.ActiveCfg = Release|Win32
		{F1BA2BA1-5831-4F0A-976F-71DD6102B4DB}.Release|x86.Build.0 = Release|Win32
		{1EBFBAEA-39EA-4A9F-ACBD-2C744BECB13B}.Debug|x64.ActiveCfg = Debug|x64
		{1EBFBAEA-39EA-4A9F-ACBD-2C744BECB13B}.Debug|x64.Build.0 = Debug|x64
		{1EBFBAEA-39EA-4A9F-ACBD-2C744BECB13B}.Debug|x86.ActiveCfg = Debug|Win32
		{1EBFBAEA-39EA-4A9F-ACBD-2C744BECB13B}.Debug|x86.Build.0 = Debug|Win32
		{1EBFBAEA-39EA-4A9F-ACBD-2C744BECB13B}.Release|x64.ActiveCfg = Release|x64
		{1EBFBAEA-39EA-4A9F-ACBD-2C744BECB13B}.Release|x64.Build.0 = Release|x64
		{1EBFBAEA-39EA-4A9F-ACBD-2C744BECB13B}.Release|x86.ActiveCfg = Release|Win32
		{1EBFBAEA-39EA-4A9F-ACBD-2C744BECB13B}.Release|x86.Build.0 = Release|Win32
		{641750DB-92E1-4172-BD83-2BC313DBBD30}.Debug|x64.ActiveCfg = Debug|x64
		{641750DB-92E1-4172-BD83-2BC313DBBD30}.Debug|x64.Build.0 = Debug|x64
		{641750DB-92E1-4172-BD83-2BC313DBBD30}.Debug|x86.ActiveCfg = Debug|Win32
		{641750DB-92E1-4172-BD83-2BC313DBBD30}.Debug|x86.Build.0 = Debug|Win32
		{641750DB-92E1-4172-BD83-2BC313DBBD30}.Release|x64.ActiveCfg = Release|x64
		{641750DB-92E1-4172-BD83-2BC313DBBD30}.Release|x64.Build.0 = Release|x64
		{641750DB-92E1-4172-BD83-2BC313DBBD30}.Release|x86.ActiveCfg = Release|Win32
		{641750DB-92E1-4172-BD83-2BC313DBBD30}.Release|x86.Build.0 = Release|Win32
		{7389B702-8202-40B3-9606-0F48EE847820}.Debug|x64.ActiveCfg = Debug|x64
		{7389B702-8202-40B3-9606-0F48EE847820}.Debug|x64.Build.0 = Debug|x64
		{7389B702-8202-40B3-9606-0F48EE847820}.Debug|x86.ActiveCfg = Debug|Win32
		{7389B702-8202-40B3-9606-0F48EE847820}.Debug|x86.Build.0 = Debug|Win32
		{7389B702-8202-40B3-9606-0F48EE847820}.Release|x64.ActiveCfg = Release|x64
		{7389B702-8202-40B3-9606-0F48EE847820}.Release|x64.Build.0 = Release|x64
		{7389B702-8202-40B3-9606-0F48EE847820}.Release|x86.ActiveCfg = Release|Win32
		{7389B702-8202-40B3-9606-0F48EE847820}.Release|x86.Build.0 = Release|Win32
	EndGlobalSection
	GlobalSection(SolutionProperties) = preSolution
		HideSolutionNode = FALSE
	EndGlobalSection
	GlobalSection(NestedProjects) = preSolution
		{AFFFA093-FAA5-4875-A3F2-E8C2F0E8DE52} = {CE997617-DE21-4B3F-8805-E5E22D4E6404}
		{B1825F5F-6962-4395-972D-8E70D011D72A} = {91A0A33F-A321-450A-872A-1F1DF6943DDB}
		{63C32372-F862-45D3-B588-6A0D6147A321} = {91A0A33F-A321-450A-872A-1F1DF6943DDB}
		{9BA0EB4D-0BC4-4FD4-A88C-8E450FCDA4A0} = {91A0A33F-A321-450A-872A-1F1DF6943DDB}
		{E0F4B765-E829-4B4E-AB27-A6139891D907} = {91A0A33F-A321-450A-872A-1F1DF6943DDB}
		{4B496E39-26D4-4C92-8E8F-D6278387DC94} = {91A0A33F-A321-450A-872A-1F1DF6943DDB}
		{3A0F4735-E11B-4432-A411-F827C19CB39D} = {B1825F5F-6962-4395-972D-8E70D011D72A}
		{4011AC8E-7F7C-4053-91E6-05DF99CB48CB} = {B1825F5F-6962-4395-972D-8E70D011D72A}
		{A20E3622-901D-415F-9314-7AEB0C11FB4C} = {B1825F5F-6962-4395-972D-8E70D011D72A}
		{A9700319-D5F2-4536-8C4A-3CF506C2BF28} = {B1825F5F-6962-4395-972D-8E70D011D72A}
		{86728137-DD1B-4FD7-B07B-73F219579E99} = {B1825F5F-6962-4395-972D-8E70D011D72A}
		{9F2AB4D9-CB1B-4A91-9397-A28FCBDC3E69} = {AFFFA093-FAA5-4875-A3F2-E8C2F0E8DE52}
		{F76D30D3-9EDB-4AC4-A996-3D9BE171F96B} = {AFFFA093-FAA5-4875-A3F2-E8C2F0E8DE52}
		{B68E6226-4A6A-49AE-9B16-D69A8B47ACD0} = {63C32372-F862-45D3-B588-6A0D6147A321}
		{F1BA2BA1-5831-4F0A-976F-71DD6102B4DB} = {63C32372-F862-45D3-B588-6A0D6147A321}
		{1EBFBAEA-39EA-4A9F-ACBD-2C744BECB13B} = {63C32372-F862-45D3-B588-6A0D6147A321}
		{641750DB-92E1-4172-BD83-2BC313DBBD30} = {63C32372-F862-45D3-B588-6A0D6147A321}
		{7389B702-8202-40B3-9606-0F48EE847820} = {63C32372-F862-45D3-B588-6A0D6147A321}
	EndGlobalSection
	GlobalSection(ExtensibilityGlobals) = postSolution
		SolutionGuid = {7C5DE469-57FB-4753-8D49-286130DAAE66}
	EndGlobalSection
EndGlobal
